PODS:
  - IQKeyboardManager (6.4.0)
  - Nimble (8.0.2)
  - Quick (2.1.0)

DEPENDENCIES:
  - IQKeyboardManager
  - Nimble (= 8.0.2)
  - Quick (= 2.1.0)

SPEC REPOS:
  https://github.com/cocoapods/specs.git:
    - IQKeyboardManager
    - Nimble
    - Quick

SPEC CHECKSUMS:
  IQKeyboardManager: fcef267266379c003181fc3592f6bdb8bf4db839
  Nimble: 622629381bda1dd5678162f21f1368cec7cbba60
  Quick: 4be43f6634acfa727dd106bdf3929ce125ffa79d

PODFILE CHECKSUM: 460441d40f1530a9c5c7b8fee9355c9f054f2788

COCOAPODS: 1.5.3
