PODS:
  - IQKeyboardManager (6.4.0)
  - lojinha_Common (0.1.0)
  - lojinha_StoreFront (0.1.0)
  - Nimble (8.0.2)
  - Quick (2.1.0)

DEPENDENCIES:
  - IQKeyboardManager
  - lojinha_Common (from `../modules/lojinha_Common`)
  - lojinha_StoreFront (from `../modules/lojinha_StoreFront`)
  - Nimble (= 8.0.2)
  - Quick (= 2.1.0)

SPEC REPOS:
  https://github.com/cocoapods/specs.git:
    - IQKeyboardManager
    - Nimble
    - Quick

EXTERNAL SOURCES:
  lojinha_Common:
    :path: "../modules/lojinha_Common"
  lojinha_StoreFront:
    :path: "../modules/lojinha_StoreFront"

SPEC CHECKSUMS:
  IQKeyboardManager: fcef267266379c003181fc3592f6bdb8bf4db839
  lojinha_Common: 7ef3e216a7ad7e826b0586a1e7ae2dbc6bf8345e
  lojinha_StoreFront: 6c4814b80222de7866d32612bf9685cab6083e4b
  Nimble: 622629381bda1dd5678162f21f1368cec7cbba60
  Quick: 4be43f6634acfa727dd106bdf3929ce125ffa79d

PODFILE CHECKSUM: 2a34f96b909f19d92cf804b8debd4217c05c3de1

COCOAPODS: 1.5.3
