PODS:
  - Common (0.0.1):
    - Common/Core (= 0.0.1)
  - Common/Core (0.0.1)
  - IQKeyboardManager (6.4.0)
  - Main (0.0.1):
    - Main/Core (= 0.0.1)
  - Main/Core (0.0.1):
    - Common
  - Nimble (8.0.2)
  - Quick (2.1.0)
  - StoreFront (0.0.1):
    - StoreFront/Core (= 0.0.1)
  - StoreFront/Core (0.0.1):
    - Common

DEPENDENCIES:
  - IQKeyboardManager
  - Main (from `../modules/Main`)
  - Nimble (= 8.0.2)
  - Quick (= 2.1.0)
  - StoreFront (from `../modules/StoreFront`)

SPEC REPOS:
  https://github.com/cocoapods/specs.git:
    - IQKeyboardManager
    - Nimble
    - Quick
  https://github.com/inacioferrarini/podspecs.git:
    - Common

EXTERNAL SOURCES:
  Main:
    :path: "../modules/Main"
  StoreFront:
    :path: "../modules/StoreFront"

SPEC CHECKSUMS:
  Common: 0024e3033fe002cef56432e88d347150a4573064
  IQKeyboardManager: fcef267266379c003181fc3592f6bdb8bf4db839
  Main: ccf46ee5eb9f56dd868bbde911a8e19eead087c9
  Nimble: 622629381bda1dd5678162f21f1368cec7cbba60
  Quick: 4be43f6634acfa727dd106bdf3929ce125ffa79d
  StoreFront: af403fd3e768a4b445c369ac737f014ad4fb04e1

PODFILE CHECKSUM: d191189c1bfe295f31183ffb5bc8f50e0a9f9faa

COCOAPODS: 1.7.4
